<?xml version="1.0" encoding="utf-8"?>
<Project ToolsVersion="4.0" xmlns="http://schemas.microsoft.com/developer/msbuild/2003">
  <ItemGroup>
    <Filter Include="mem">
      <UniqueIdentifier>{b766c66b-3091-4de4-bde4-ef936b857c03}</UniqueIdentifier>
    </Filter>
    <Filter Include="basic">
      <UniqueIdentifier>{f8750f3c-5e46-42c9-a8c4-4b0273958cab}</UniqueIdentifier>
    </Filter>
    <Filter Include="tests">
      <UniqueIdentifier>{2479b444-3c97-47cc-bb13-86461f12f3de}</UniqueIdentifier>
    </Filter>
    <Filter Include="c89">
      <UniqueIdentifier>{afcecb75-6348-4971-9e19-bb582678b53b}</UniqueIdentifier>
    </Filter>
  </ItemGroup>
  <ItemGroup>
    <ClCompile Include="..\..\..\src\mem\memory.c">
      <Filter>mem</Filter>
    </ClCompile>
    <ClCompile Include="..\..\..\src\mem\mspace.c">
      <Filter>mem</Filter>
    </ClCompile>
    <ClCompile Include="..\..\..\src\mem\pages.c">
      <Filter>mem</Filter>
    </ClCompile>
    <ClCompile Include="..\..\..\src\mem\vma.c">
      <Filter>mem</Filter>
    </ClCompile>
    <ClCompile Include="..\..\..\src\basic\bbtree.c">
      <Filter>basic</Filter>
    </ClCompile>
    <ClCompile Include="..\..\..\src\basic\hmap.c">
      <Filter>basic</Filter>
    </ClCompile>
    <ClCompile Include="..\..\..\src\tests\mem\_check.c">
      <Filter>tests</Filter>
    </ClCompile>
    <ClCompile Include="..\..\..\src\tests\mem\ck_memory.c">
      <Filter>tests</Filter>
    </ClCompile>
    <ClCompile Include="..\..\..\src\tests\mem\ck_pages.c">
      <Filter>tests</Filter>
    </ClCompile>
    <ClCompile Include="..\..\..\src\tests\_stub\stub_core.c" />
    <ClCompile Include="..\..\..\src\tests\_stub\stub_mmu.c" />
    <ClCompile Include="..\..\..\src\c89\random.c">
      <Filter>c89</Filter>
    </ClCompile>
    <ClCompile Include="..\..\..\src\core\debug.c" />
    <ClCompile Include="..\..\..\src\tests\_stub\stub_vfs.c" />
    <ClCompile Include="..\..\..\src\core\irq.c" />
  </ItemGroup>
  <ItemGroup>
    <ClInclude Include="..\..\..\src\mem\mspace.h">
      <Filter>mem</Filter>
    </ClInclude>
  </ItemGroup>
</Project>