<?xml version="1.0" encoding="utf-8"?>
<Project ToolsVersion="4.0" xmlns="http://schemas.microsoft.com/developer/msbuild/2003">
  <ItemGroup>
    <Filter Include="isofs">
      <UniqueIdentifier>{ce208bab-e912-4828-b702-1a49eb46ff9b}</UniqueIdentifier>
    </Filter>
    <Filter Include="vfat">
      <UniqueIdentifier>{e9101c70-04ee-409f-af1e-a5df47e4c77f}</UniqueIdentifier>
    </Filter>
    <Filter Include="ext2">
      <UniqueIdentifier>{9320cc6c-43fb-4e14-a80a-230d91d3b9d2}</UniqueIdentifier>
    </Filter>
  </ItemGroup>
  <ItemGroup>
    <ClCompile Include="..\..\..\src\drivers\fs\isofs\isofs.c">
      <Filter>isofs</Filter>
    </ClCompile>
    <ClCompile Include="..\..\..\src\drivers\fs\fat\data.c">
      <Filter>vfat</Filter>
    </ClCompile>
    <ClCompile Include="..\..\..\src\drivers\fs\fat\dentry.c">
      <Filter>vfat</Filter>
    </ClCompile>
    <ClCompile Include="..\..\..\src\drivers\fs\fat\diterator.c">
      <Filter>vfat</Filter>
    </ClCompile>
    <ClCompile Include="..\..\..\src\drivers\fs\fat\fatfs.c">
      <Filter>vfat</Filter>
    </ClCompile>
    <ClCompile Include="..\..\..\src\drivers\fs\fat\format.c">
      <Filter>vfat</Filter>
    </ClCompile>
    <ClCompile Include="..\..\..\src\drivers\fs\fat\module.c">
      <Filter>vfat</Filter>
    </ClCompile>
    <ClCompile Include="..\..\..\src\drivers\fs\fat\table.c">
      <Filter>vfat</Filter>
    </ClCompile>
    <ClCompile Include="..\..\..\src\drivers\fs\ext2\ext2.c">
      <Filter>ext2</Filter>
    </ClCompile>
  </ItemGroup>
  <ItemGroup>
    <ClInclude Include="..\..\..\src\drivers\fs\isofs\isofs.h">
      <Filter>isofs</Filter>
    </ClInclude>
    <ClInclude Include="..\..\..\src\drivers\fs\fat\fatfs.h">
      <Filter>vfat</Filter>
    </ClInclude>
    <ClInclude Include="..\..\..\src\drivers\fs\ext2\ext2.h">
      <Filter>ext2</Filter>
    </ClInclude>
  </ItemGroup>
</Project>