
Microsoft Visual Studio Solution File, Format Version 12.00
# Visual Studio 14
VisualStudioVersion = 14.0.24720.0
MinimumVisualStudioVersion = 10.0.40219.1
Project("{8BC9CEB8-8B4A-11D0-8D11-00A0C91BC942}") = "ckFiles", "ckFiles\ckFiles.vcxproj", "{499A51E9-57A4-43F8-A001-92AD60755844}"
EndProject
Project("{8BC9CEB8-8B4A-11D0-8D11-00A0C91BC942}") = "ckNet", "ckNet\ckNet.vcxproj", "{752E5560-EAB9-4D0B-8B0B-72AEE90EA343}"
EndProject
Project("{8BC9CEB8-8B4A-11D0-8D11-00A0C91BC942}") = "ckMem", "ckMem\ckMem.vcxproj", "{FA91275F-515F-4228-8FD6-47DA03302654}"
EndProject
Project("{8BC9CEB8-8B4A-11D0-8D11-00A0C91BC942}") = "ckUtils", "ckUtils\ckUtils.vcxproj", "{05719119-A4CD-4EAA-8CBE-2725AFD802E1}"
EndProject
Project("{8BC9CEB8-8B4A-11D0-8D11-00A0C91BC942}") = "ckFs", "ckFs\ckFs.vcxproj", "{06E3700E-B9A3-4789-9D6F-E6DA790A468F}"
EndProject
Project("{8BC9CEB8-8B4A-11D0-8D11-00A0C91BC942}") = "ckTask", "ckTask\ckTask.vcxproj", "{7E8D9CF2-3AAC-49AB-A031-21852B821DC7}"
EndProject
Project("{8BC9CEB8-8B4A-11D0-8D11-00A0C91BC942}") = "libDrivers", "libDrivers\libDrivers.vcxproj", "{EC7E22DD-30F8-4682-8F89-BC5F563AFAF0}"
EndProject
Project("{8BC9CEB8-8B4A-11D0-8D11-00A0C91BC942}") = "libFilesystems", "libFilesystems\libFilesystems.vcxproj", "{0358B546-9AB6-4AFE-9BEC-43862B181649}"
EndProject
Project("{8BC9CEB8-8B4A-11D0-8D11-00A0C91BC942}") = "kernel", "kernel\kernel.vcxproj", "{94F40036-2047-4C00-B6D9-858642F11CF3}"
EndProject
Global
	GlobalSection(SolutionConfigurationPlatforms) = preSolution
		Debug|x64 = Debug|x64
		Debug|x86 = Debug|x86
		Release|x64 = Release|x64
		Release|x86 = Release|x86
	EndGlobalSection
	GlobalSection(ProjectConfigurationPlatforms) = postSolution
		{499A51E9-57A4-43F8-A001-92AD60755844}.Debug|x64.ActiveCfg = Debug|x64
		{499A51E9-57A4-43F8-A001-92AD60755844}.Debug|x64.Build.0 = Debug|x64
		{499A51E9-57A4-43F8-A001-92AD60755844}.Debug|x86.ActiveCfg = Debug|Win32
		{499A51E9-57A4-43F8-A001-92AD60755844}.Debug|x86.Build.0 = Debug|Win32
		{499A51E9-57A4-43F8-A001-92AD60755844}.Release|x64.ActiveCfg = Release|x64
		{499A51E9-57A4-43F8-A001-92AD60755844}.Release|x64.Build.0 = Release|x64
		{499A51E9-57A4-43F8-A001-92AD60755844}.Release|x86.ActiveCfg = Release|Win32
		{499A51E9-57A4-43F8-A001-92AD60755844}.Release|x86.Build.0 = Release|Win32
		{752E5560-EAB9-4D0B-8B0B-72AEE90EA343}.Debug|x64.ActiveCfg = Debug|x64
		{752E5560-EAB9-4D0B-8B0B-72AEE90EA343}.Debug|x64.Build.0 = Debug|x64
		{752E5560-EAB9-4D0B-8B0B-72AEE90EA343}.Debug|x86.ActiveCfg = Debug|Win32
		{752E5560-EAB9-4D0B-8B0B-72AEE90EA343}.Debug|x86.Build.0 = Debug|Win32
		{752E5560-EAB9-4D0B-8B0B-72AEE90EA343}.Release|x64.ActiveCfg = Release|x64
		{752E5560-EAB9-4D0B-8B0B-72AEE90EA343}.Release|x64.Build.0 = Release|x64
		{752E5560-EAB9-4D0B-8B0B-72AEE90EA343}.Release|x86.ActiveCfg = Release|Win32
		{752E5560-EAB9-4D0B-8B0B-72AEE90EA343}.Release|x86.Build.0 = Release|Win32
		{FA91275F-515F-4228-8FD6-47DA03302654}.Debug|x64.ActiveCfg = Debug|x64
		{FA91275F-515F-4228-8FD6-47DA03302654}.Debug|x64.Build.0 = Debug|x64
		{FA91275F-515F-4228-8FD6-47DA03302654}.Debug|x86.ActiveCfg = Debug|Win32
		{FA91275F-515F-4228-8FD6-47DA03302654}.Debug|x86.Build.0 = Debug|Win32
		{FA91275F-515F-4228-8FD6-47DA03302654}.Release|x64.ActiveCfg = Release|x64
		{FA91275F-515F-4228-8FD6-47DA03302654}.Release|x64.Build.0 = Release|x64
		{FA91275F-515F-4228-8FD6-47DA03302654}.Release|x86.ActiveCfg = Release|Win32
		{FA91275F-515F-4228-8FD6-47DA03302654}.Release|x86.Build.0 = Release|Win32
		{05719119-A4CD-4EAA-8CBE-2725AFD802E1}.Debug|x64.ActiveCfg = Debug|x64
		{05719119-A4CD-4EAA-8CBE-2725AFD802E1}.Debug|x64.Build.0 = Debug|x64
		{05719119-A4CD-4EAA-8CBE-2725AFD802E1}.Debug|x86.ActiveCfg = Debug|Win32
		{05719119-A4CD-4EAA-8CBE-2725AFD802E1}.Debug|x86.Build.0 = Debug|Win32
		{05719119-A4CD-4EAA-8CBE-2725AFD802E1}.Release|x64.ActiveCfg = Release|x64
		{05719119-A4CD-4EAA-8CBE-2725AFD802E1}.Release|x64.Build.0 = Release|x64
		{05719119-A4CD-4EAA-8CBE-2725AFD802E1}.Release|x86.ActiveCfg = Release|Win32
		{05719119-A4CD-4EAA-8CBE-2725AFD802E1}.Release|x86.Build.0 = Release|Win32
		{06E3700E-B9A3-4789-9D6F-E6DA790A468F}.Debug|x64.ActiveCfg = Debug|x64
		{06E3700E-B9A3-4789-9D6F-E6DA790A468F}.Debug|x64.Build.0 = Debug|x64
		{06E3700E-B9A3-4789-9D6F-E6DA790A468F}.Debug|x86.ActiveCfg = Debug|Win32
		{06E3700E-B9A3-4789-9D6F-E6DA790A468F}.Debug|x86.Build.0 = Debug|Win32
		{06E3700E-B9A3-4789-9D6F-E6DA790A468F}.Release|x64.ActiveCfg = Release|x64
		{06E3700E-B9A3-4789-9D6F-E6DA790A468F}.Release|x64.Build.0 = Release|x64
		{06E3700E-B9A3-4789-9D6F-E6DA790A468F}.Release|x86.ActiveCfg = Release|Win32
		{06E3700E-B9A3-4789-9D6F-E6DA790A468F}.Release|x86.Build.0 = Release|Win32
		{7E8D9CF2-3AAC-49AB-A031-21852B821DC7}.Debug|x64.ActiveCfg = Debug|x64
		{7E8D9CF2-3AAC-49AB-A031-21852B821DC7}.Debug|x64.Build.0 = Debug|x64
		{7E8D9CF2-3AAC-49AB-A031-21852B821DC7}.Debug|x86.ActiveCfg = Debug|Win32
		{7E8D9CF2-3AAC-49AB-A031-21852B821DC7}.Debug|x86.Build.0 = Debug|Win32
		{7E8D9CF2-3AAC-49AB-A031-21852B821DC7}.Release|x64.ActiveCfg = Release|x64
		{7E8D9CF2-3AAC-49AB-A031-21852B821DC7}.Release|x64.Build.0 = Release|x64
		{7E8D9CF2-3AAC-49AB-A031-21852B821DC7}.Release|x86.ActiveCfg = Release|Win32
		{7E8D9CF2-3AAC-49AB-A031-21852B821DC7}.Release|x86.Build.0 = Release|Win32
		{EC7E22DD-30F8-4682-8F89-BC5F563AFAF0}.Debug|x64.ActiveCfg = Debug|x64
		{EC7E22DD-30F8-4682-8F89-BC5F563AFAF0}.Debug|x64.Build.0 = Debug|x64
		{EC7E22DD-30F8-4682-8F89-BC5F563AFAF0}.Debug|x86.ActiveCfg = Debug|Win32
		{EC7E22DD-30F8-4682-8F89-BC5F563AFAF0}.Debug|x86.Build.0 = Debug|Win32
		{EC7E22DD-30F8-4682-8F89-BC5F563AFAF0}.Release|x64.ActiveCfg = Release|x64
		{EC7E22DD-30F8-4682-8F89-BC5F563AFAF0}.Release|x64.Build.0 = Release|x64
		{EC7E22DD-30F8-4682-8F89-BC5F563AFAF0}.Release|x86.ActiveCfg = Release|Win32
		{EC7E22DD-30F8-4682-8F89-BC5F563AFAF0}.Release|x86.Build.0 = Release|Win32
		{0358B546-9AB6-4AFE-9BEC-43862B181649}.Debug|x64.ActiveCfg = Debug|x64
		{0358B546-9AB6-4AFE-9BEC-43862B181649}.Debug|x64.Build.0 = Debug|x64
		{0358B546-9AB6-4AFE-9BEC-43862B181649}.Debug|x86.ActiveCfg = Debug|Win32
		{0358B546-9AB6-4AFE-9BEC-43862B181649}.Debug|x86.Build.0 = Debug|Win32
		{0358B546-9AB6-4AFE-9BEC-43862B181649}.Release|x64.ActiveCfg = Release|x64
		{0358B546-9AB6-4AFE-9BEC-43862B181649}.Release|x64.Build.0 = Release|x64
		{0358B546-9AB6-4AFE-9BEC-43862B181649}.Release|x86.ActiveCfg = Release|Win32
		{0358B546-9AB6-4AFE-9BEC-43862B181649}.Release|x86.Build.0 = Release|Win32
		{94F40036-2047-4C00-B6D9-858642F11CF3}.Debug|x64.ActiveCfg = Debug|x64
		{94F40036-2047-4C00-B6D9-858642F11CF3}.Debug|x64.Build.0 = Debug|x64
		{94F40036-2047-4C00-B6D9-858642F11CF3}.Debug|x86.ActiveCfg = Debug|Win32
		{94F40036-2047-4C00-B6D9-858642F11CF3}.Debug|x86.Build.0 = Debug|Win32
		{94F40036-2047-4C00-B6D9-858642F11CF3}.Release|x64.ActiveCfg = Release|x64
		{94F40036-2047-4C00-B6D9-858642F11CF3}.Release|x64.Build.0 = Release|x64
		{94F40036-2047-4C00-B6D9-858642F11CF3}.Release|x86.ActiveCfg = Release|Win32
		{94F40036-2047-4C00-B6D9-858642F11CF3}.Release|x86.Build.0 = Release|Win32
	EndGlobalSection
	GlobalSection(SolutionProperties) = preSolution
		HideSolutionNode = FALSE
	EndGlobalSection
EndGlobal
