
Microsoft Visual Studio Solution File, Format Version 12.00
# Visual Studio 14
VisualStudioVersion = 14.0.24720.0
MinimumVisualStudioVersion = 10.0.40219.1
Project("{8BC9CEB8-8B4A-11D0-8D11-00A0C91BC942}") = "fsystem", "fsystem\fsystem.vcxproj", "{461027F7-634B-4DBB-A251-E23DBCFD0F98}"
EndProject
Project("{8BC9CEB8-8B4A-11D0-8D11-00A0C91BC942}") = "ckFs", "ckFs\ckFs.vcxproj", "{AA8FC77A-88A5-4936-A223-32467F8D2D64}"
EndProject
Project("{8BC9CEB8-8B4A-11D0-8D11-00A0C91BC942}") = "drivers", "drivers\drivers.vcxproj", "{FA4BDD75-7C7B-451C-AEE0-2D24CA46B760}"
EndProject
Project("{8BC9CEB8-8B4A-11D0-8D11-00A0C91BC942}") = "ckUtils", "ckUtils\ckUtils.vcxproj", "{A3539A93-BD34-4BCF-ABCA-2628AA7D4251}"
EndProject
Project("{8BC9CEB8-8B4A-11D0-8D11-00A0C91BC942}") = "ckMem", "ckMem\ckMem.vcxproj", "{A8AAF481-C68D-4D79-833A-0AAC53021DAA}"
EndProject
Project("{8BC9CEB8-8B4A-11D0-8D11-00A0C91BC942}") = "kernel", "kernel\kernel.vcxproj", "{982B1476-4D66-4A32-A636-A28645F993E3}"
EndProject
Project("{8BC9CEB8-8B4A-11D0-8D11-00A0C91BC942}") = "ckNet", "ckNet\ckNet.vcxproj", "{B1C4EB67-FA4B-4DDB-A95C-E4D1C668DEE8}"
EndProject
Project("{8BC9CEB8-8B4A-11D0-8D11-00A0C91BC942}") = "ckFiles", "ckFiles\ckFiles.vcxproj", "{F0EF4F9B-99C1-4CCF-9D2E-6834F61C5C60}"
EndProject
Global
	GlobalSection(SolutionConfigurationPlatforms) = preSolution
		Debug|x64 = Debug|x64
		Debug|x86 = Debug|x86
		Release|x64 = Release|x64
		Release|x86 = Release|x86
	EndGlobalSection
	GlobalSection(ProjectConfigurationPlatforms) = postSolution
		{461027F7-634B-4DBB-A251-E23DBCFD0F98}.Debug|x64.ActiveCfg = Debug|x64
		{461027F7-634B-4DBB-A251-E23DBCFD0F98}.Debug|x64.Build.0 = Debug|x64
		{461027F7-634B-4DBB-A251-E23DBCFD0F98}.Debug|x86.ActiveCfg = Debug|Win32
		{461027F7-634B-4DBB-A251-E23DBCFD0F98}.Debug|x86.Build.0 = Debug|Win32
		{461027F7-634B-4DBB-A251-E23DBCFD0F98}.Release|x64.ActiveCfg = Release|x64
		{461027F7-634B-4DBB-A251-E23DBCFD0F98}.Release|x64.Build.0 = Release|x64
		{461027F7-634B-4DBB-A251-E23DBCFD0F98}.Release|x86.ActiveCfg = Release|Win32
		{461027F7-634B-4DBB-A251-E23DBCFD0F98}.Release|x86.Build.0 = Release|Win32
		{AA8FC77A-88A5-4936-A223-32467F8D2D64}.Debug|x64.ActiveCfg = Debug|x64
		{AA8FC77A-88A5-4936-A223-32467F8D2D64}.Debug|x64.Build.0 = Debug|x64
		{AA8FC77A-88A5-4936-A223-32467F8D2D64}.Debug|x86.ActiveCfg = Debug|Win32
		{AA8FC77A-88A5-4936-A223-32467F8D2D64}.Debug|x86.Build.0 = Debug|Win32
		{AA8FC77A-88A5-4936-A223-32467F8D2D64}.Release|x64.ActiveCfg = Release|x64
		{AA8FC77A-88A5-4936-A223-32467F8D2D64}.Release|x64.Build.0 = Release|x64
		{AA8FC77A-88A5-4936-A223-32467F8D2D64}.Release|x86.ActiveCfg = Release|Win32
		{AA8FC77A-88A5-4936-A223-32467F8D2D64}.Release|x86.Build.0 = Release|Win32
		{FA4BDD75-7C7B-451C-AEE0-2D24CA46B760}.Debug|x64.ActiveCfg = Debug|x64
		{FA4BDD75-7C7B-451C-AEE0-2D24CA46B760}.Debug|x64.Build.0 = Debug|x64
		{FA4BDD75-7C7B-451C-AEE0-2D24CA46B760}.Debug|x86.ActiveCfg = Debug|Win32
		{FA4BDD75-7C7B-451C-AEE0-2D24CA46B760}.Debug|x86.Build.0 = Debug|Win32
		{FA4BDD75-7C7B-451C-AEE0-2D24CA46B760}.Release|x64.ActiveCfg = Release|x64
		{FA4BDD75-7C7B-451C-AEE0-2D24CA46B760}.Release|x64.Build.0 = Release|x64
		{FA4BDD75-7C7B-451C-AEE0-2D24CA46B760}.Release|x86.ActiveCfg = Release|Win32
		{FA4BDD75-7C7B-451C-AEE0-2D24CA46B760}.Release|x86.Build.0 = Release|Win32
		{A3539A93-BD34-4BCF-ABCA-2628AA7D4251}.Debug|x64.ActiveCfg = Debug|x64
		{A3539A93-BD34-4BCF-ABCA-2628AA7D4251}.Debug|x64.Build.0 = Debug|x64
		{A3539A93-BD34-4BCF-ABCA-2628AA7D4251}.Debug|x86.ActiveCfg = Debug|Win32
		{A3539A93-BD34-4BCF-ABCA-2628AA7D4251}.Debug|x86.Build.0 = Debug|Win32
		{A3539A93-BD34-4BCF-ABCA-2628AA7D4251}.Release|x64.ActiveCfg = Release|x64
		{A3539A93-BD34-4BCF-ABCA-2628AA7D4251}.Release|x64.Build.0 = Release|x64
		{A3539A93-BD34-4BCF-ABCA-2628AA7D4251}.Release|x86.ActiveCfg = Release|Win32
		{A3539A93-BD34-4BCF-ABCA-2628AA7D4251}.Release|x86.Build.0 = Release|Win32
		{A8AAF481-C68D-4D79-833A-0AAC53021DAA}.Debug|x64.ActiveCfg = Debug|x64
		{A8AAF481-C68D-4D79-833A-0AAC53021DAA}.Debug|x64.Build.0 = Debug|x64
		{A8AAF481-C68D-4D79-833A-0AAC53021DAA}.Debug|x86.ActiveCfg = Debug|Win32
		{A8AAF481-C68D-4D79-833A-0AAC53021DAA}.Debug|x86.Build.0 = Debug|Win32
		{A8AAF481-C68D-4D79-833A-0AAC53021DAA}.Release|x64.ActiveCfg = Release|x64
		{A8AAF481-C68D-4D79-833A-0AAC53021DAA}.Release|x64.Build.0 = Release|x64
		{A8AAF481-C68D-4D79-833A-0AAC53021DAA}.Release|x86.ActiveCfg = Release|Win32
		{A8AAF481-C68D-4D79-833A-0AAC53021DAA}.Release|x86.Build.0 = Release|Win32
		{982B1476-4D66-4A32-A636-A28645F993E3}.Debug|x64.ActiveCfg = Debug|x64
		{982B1476-4D66-4A32-A636-A28645F993E3}.Debug|x64.Build.0 = Debug|x64
		{982B1476-4D66-4A32-A636-A28645F993E3}.Debug|x86.ActiveCfg = Debug|Win32
		{982B1476-4D66-4A32-A636-A28645F993E3}.Debug|x86.Build.0 = Debug|Win32
		{982B1476-4D66-4A32-A636-A28645F993E3}.Release|x64.ActiveCfg = Release|x64
		{982B1476-4D66-4A32-A636-A28645F993E3}.Release|x64.Build.0 = Release|x64
		{982B1476-4D66-4A32-A636-A28645F993E3}.Release|x86.ActiveCfg = Release|Win32
		{982B1476-4D66-4A32-A636-A28645F993E3}.Release|x86.Build.0 = Release|Win32
		{B1C4EB67-FA4B-4DDB-A95C-E4D1C668DEE8}.Debug|x64.ActiveCfg = Debug|x64
		{B1C4EB67-FA4B-4DDB-A95C-E4D1C668DEE8}.Debug|x64.Build.0 = Debug|x64
		{B1C4EB67-FA4B-4DDB-A95C-E4D1C668DEE8}.Debug|x86.ActiveCfg = Debug|Win32
		{B1C4EB67-FA4B-4DDB-A95C-E4D1C668DEE8}.Debug|x86.Build.0 = Debug|Win32
		{B1C4EB67-FA4B-4DDB-A95C-E4D1C668DEE8}.Release|x64.ActiveCfg = Release|x64
		{B1C4EB67-FA4B-4DDB-A95C-E4D1C668DEE8}.Release|x64.Build.0 = Release|x64
		{B1C4EB67-FA4B-4DDB-A95C-E4D1C668DEE8}.Release|x86.ActiveCfg = Release|Win32
		{B1C4EB67-FA4B-4DDB-A95C-E4D1C668DEE8}.Release|x86.Build.0 = Release|Win32
		{F0EF4F9B-99C1-4CCF-9D2E-6834F61C5C60}.Debug|x64.ActiveCfg = Debug|x64
		{F0EF4F9B-99C1-4CCF-9D2E-6834F61C5C60}.Debug|x64.Build.0 = Debug|x64
		{F0EF4F9B-99C1-4CCF-9D2E-6834F61C5C60}.Debug|x86.ActiveCfg = Debug|Win32
		{F0EF4F9B-99C1-4CCF-9D2E-6834F61C5C60}.Debug|x86.Build.0 = Debug|Win32
		{F0EF4F9B-99C1-4CCF-9D2E-6834F61C5C60}.Release|x64.ActiveCfg = Release|x64
		{F0EF4F9B-99C1-4CCF-9D2E-6834F61C5C60}.Release|x64.Build.0 = Release|x64
		{F0EF4F9B-99C1-4CCF-9D2E-6834F61C5C60}.Release|x86.ActiveCfg = Release|Win32
		{F0EF4F9B-99C1-4CCF-9D2E-6834F61C5C60}.Release|x86.Build.0 = Release|Win32
	EndGlobalSection
	GlobalSection(SolutionProperties) = preSolution
		HideSolutionNode = FALSE
	EndGlobalSection
EndGlobal
