<?xml version="1.0" encoding="utf-8"?>
<Project ToolsVersion="4.0" xmlns="http://schemas.microsoft.com/developer/msbuild/2003">
  <ItemGroup>
    <Filter Include="basic">
      <UniqueIdentifier>{df935a7a-812e-4698-9cf1-945f3da66db2}</UniqueIdentifier>
    </Filter>
    <Filter Include="c89">
      <UniqueIdentifier>{a796ebb3-2673-4d16-9bdb-4bdec6eec8fb}</UniqueIdentifier>
    </Filter>
    <Filter Include="files">
      <UniqueIdentifier>{3a953f30-c0b8-410d-a40a-64a853b48f86}</UniqueIdentifier>
    </Filter>
    <Filter Include="tests">
      <UniqueIdentifier>{4d2426d6-e9b8-4368-85be-3eac8f361566}</UniqueIdentifier>
    </Filter>
  </ItemGroup>
  <ItemGroup>
    <ClCompile Include="..\..\..\src\basic\bbtree.c">
      <Filter>basic</Filter>
    </ClCompile>
    <ClCompile Include="..\..\..\src\basic\hmap.c">
      <Filter>basic</Filter>
    </ClCompile>
    <ClCompile Include="..\..\..\src\basic\mbchar.c">
      <Filter>basic</Filter>
    </ClCompile>
    <ClCompile Include="..\..\..\src\basic\mbstr.c">
      <Filter>basic</Filter>
    </ClCompile>
    <ClCompile Include="..\..\..\src\c89\arena.c">
      <Filter>c89</Filter>
    </ClCompile>
    <ClCompile Include="..\..\..\src\c89\array.c">
      <Filter>c89</Filter>
    </ClCompile>
    <ClCompile Include="..\..\..\src\c89\error.c">
      <Filter>c89</Filter>
    </ClCompile>
    <ClCompile Include="..\..\..\src\c89\format_integer.c">
      <Filter>c89</Filter>
    </ClCompile>
    <ClCompile Include="..\..\..\src\c89\format_print.c">
      <Filter>c89</Filter>
    </ClCompile>
    <ClCompile Include="..\..\..\src\c89\format_scanf.c">
      <Filter>c89</Filter>
    </ClCompile>
    <ClCompile Include="..\..\..\src\c89\format_vfprintf.c">
      <Filter>c89</Filter>
    </ClCompile>
    <ClCompile Include="..\..\..\src\c89\format_vfscanf.c">
      <Filter>c89</Filter>
    </ClCompile>
    <ClCompile Include="..\..\..\src\c89\heap.c">
      <Filter>c89</Filter>
    </ClCompile>
    <ClCompile Include="..\..\..\src\c89\random.c">
      <Filter>c89</Filter>
    </ClCompile>
    <ClCompile Include="..\..\..\src\c89\string.c">
      <Filter>c89</Filter>
    </ClCompile>
    <ClCompile Include="..\..\..\src\c89\time.c">
      <Filter>c89</Filter>
    </ClCompile>
    <ClCompile Include="..\..\..\src\files\pipe.c">
      <Filter>files</Filter>
    </ClCompile>
    <ClCompile Include="..\..\..\src\tests\files\_check.c">
      <Filter>tests</Filter>
    </ClCompile>
    <ClCompile Include="..\..\..\src\tests\files\ck_pipe.c">
      <Filter>tests</Filter>
    </ClCompile>
    <ClCompile Include="..\..\..\src\tests\_stub\stub_core.c" />
    <ClCompile Include="..\..\..\src\task\async.c" />
    <ClCompile Include="..\..\..\src\core\irq.c" />
    <ClCompile Include="..\..\..\src\tests\_stub\stub_task.c" />
    <ClCompile Include="..\..\..\src\tests\_stub\stub_time.c" />
  </ItemGroup>
</Project>