<?xml version="1.0" encoding="utf-8"?>
<Project ToolsVersion="4.0" xmlns="http://schemas.microsoft.com/developer/msbuild/2003">
  <ItemGroup>
    <Filter Include="src">
      <UniqueIdentifier>{9a1309ec-eddd-4f52-a893-d95c2502ebd9}</UniqueIdentifier>
    </Filter>
    <Filter Include="src\net">
      <UniqueIdentifier>{a1aebfd7-ee33-49c4-9855-28984be08b1c}</UniqueIdentifier>
    </Filter>
    <Filter Include="src\core">
      <UniqueIdentifier>{b7b61c62-2717-43a1-8726-553a22375701}</UniqueIdentifier>
    </Filter>
    <Filter Include="src\libc">
      <UniqueIdentifier>{5bc00041-3c93-4aaf-9b92-0b6214badca3}</UniqueIdentifier>
    </Filter>
  </ItemGroup>
  <ItemGroup>
    <ClCompile Include="..\..\..\src\net\arp.c">
      <Filter>src\net</Filter>
    </ClCompile>
    <ClCompile Include="..\..\..\src\net\dhcp.c">
      <Filter>src\net</Filter>
    </ClCompile>
    <ClCompile Include="..\..\..\src\net\dns.c">
      <Filter>src\net</Filter>
    </ClCompile>
    <ClCompile Include="..\..\..\src\net\eth.c">
      <Filter>src\net</Filter>
    </ClCompile>
    <ClCompile Include="..\..\..\src\net\host.c">
      <Filter>src\net</Filter>
    </ClCompile>
    <ClCompile Include="..\..\..\src\net\icmp.c">
      <Filter>src\net</Filter>
    </ClCompile>
    <ClCompile Include="..\..\..\src\net\ip4.c">
      <Filter>src\net</Filter>
    </ClCompile>
    <ClCompile Include="..\..\..\src\net\net.c">
      <Filter>src\net</Filter>
    </ClCompile>
    <ClCompile Include="..\..\..\src\net\ntp.c">
      <Filter>src\net</Filter>
    </ClCompile>
    <ClCompile Include="..\..\..\src\net\tcp.c">
      <Filter>src\net</Filter>
    </ClCompile>
    <ClCompile Include="..\..\..\src\net\udp.c">
      <Filter>src\net</Filter>
    </ClCompile>
    <ClCompile Include="..\..\..\src\tests\net\run_net.c">
      <Filter>src</Filter>
    </ClCompile>
    <ClCompile Include="..\..\..\src\tests\_mcvs\threads.c">
      <Filter>src</Filter>
    </ClCompile>
    <ClCompile Include="..\..\..\src\libc\bbtree.c">
      <Filter>src\libc</Filter>
    </ClCompile>
    <ClCompile Include="..\..\..\src\libc\hmap.c">
      <Filter>src\libc</Filter>
    </ClCompile>
    <ClCompile Include="..\..\..\src\tests\_stub\stub_core.c">
      <Filter>src\core</Filter>
    </ClCompile>
    <ClCompile Include="..\..\..\src\tests\_stub\stub_time.c">
      <Filter>src\core</Filter>
    </ClCompile>
    <ClCompile Include="..\..\..\src\core\irq.c">
      <Filter>src\core</Filter>
    </ClCompile>
    <ClCompile Include="..\..\..\src\core\debug.c">
      <Filter>src\core</Filter>
    </ClCompile>
    <ClCompile Include="..\..\..\src\tests\_stub\stub_mem.c">
      <Filter>src\core</Filter>
    </ClCompile>
    <ClCompile Include="..\..\..\src\libc\random.c">
      <Filter>src\libc</Filter>
    </ClCompile>
    <ClCompile Include="..\..\..\src\tests\_stub\stub_task.c">
      <Filter>src\core</Filter>
    </ClCompile>
    <ClCompile Include="..\..\..\src\tests\_stub\stub_vfs.c">
      <Filter>src\core</Filter>
    </ClCompile>
  </ItemGroup>
</Project>