<?xml version="1.0" encoding="utf-8"?>
<Project ToolsVersion="4.0" xmlns="http://schemas.microsoft.com/developer/msbuild/2003">
  <ItemGroup>
    <Filter Include="src">
      <UniqueIdentifier>{8f35d630-fcbf-4306-aeac-1bc4c02b9f5d}</UniqueIdentifier>
    </Filter>
    <Filter Include="src\imgdk">
      <UniqueIdentifier>{a64d42b0-b6d3-4450-9704-300c91707119}</UniqueIdentifier>
    </Filter>
    <Filter Include="src\lnet">
      <UniqueIdentifier>{ec3a6f07-a980-45fe-8c98-78f4fccbb08e}</UniqueIdentifier>
    </Filter>
    <Filter Include="include">
      <UniqueIdentifier>{7d928e68-9174-4016-b2e8-3bb2889a4499}</UniqueIdentifier>
    </Filter>
  </ItemGroup>
  <ItemGroup>
    <ClCompile Include="..\..\..\src\drivers\disk\imgdk\imgdk.c">
      <Filter>src\imgdk</Filter>
    </ClCompile>
    <ClCompile Include="..\..\..\src\drivers\net\lnet\lnet.c">
      <Filter>src\lnet</Filter>
    </ClCompile>
  </ItemGroup>
  <ItemGroup>
    <ClInclude Include="..\..\..\src\drivers\net\lnet\lnet.h">
      <Filter>src\lnet</Filter>
    </ClInclude>
  </ItemGroup>
</Project>