
Microsoft Visual Studio Solution File, Format Version 12.00
# Visual Studio Express 14 for Windows Desktop
VisualStudioVersion = 14.0.24720.0
MinimumVisualStudioVersion = 10.0.40219.1
Project("{8BC9CEB8-8B4A-11D0-8D11-00A0C91BC942}") = "test_vfs", "test_vfs.vcxproj", "{31C749A7-D99D-422A-B361-4A8ED37B45A2}"
EndProject
Project("{8BC9CEB8-8B4A-11D0-8D11-00A0C91BC942}") = "kernel_simu", "kernel_simu.vcxproj", "{4CB7CC80-A792-80F6-40D9-D37B45A24A8E}"
EndProject
Project("{8BC9CEB8-8B4A-11D0-8D11-00A0C91BC942}") = "lnethub", "lnethub.vcxproj", "{D1C2A4FD-128D-48C1-972F-82C572EB2E49}"
EndProject
Project("{8BC9CEB8-8B4A-11D0-8D11-00A0C91BC942}") = "dlib", "dlib.vcxproj", "{5343844B-A07D-4EA9-A417-354E234C38E9}"
EndProject
Global
	GlobalSection(SolutionConfigurationPlatforms) = preSolution
		Debug|x64 = Debug|x64
		Debug|x86 = Debug|x86
		Release|x64 = Release|x64
		Release|x86 = Release|x86
	EndGlobalSection
	GlobalSection(ProjectConfigurationPlatforms) = postSolution
		{31C749A7-D99D-422A-B361-4A8ED37B45A2}.Debug|x64.ActiveCfg = Debug|x64
		{31C749A7-D99D-422A-B361-4A8ED37B45A2}.Debug|x64.Build.0 = Debug|x64
		{31C749A7-D99D-422A-B361-4A8ED37B45A2}.Debug|x86.ActiveCfg = Debug|Win32
		{31C749A7-D99D-422A-B361-4A8ED37B45A2}.Debug|x86.Build.0 = Debug|Win32
		{31C749A7-D99D-422A-B361-4A8ED37B45A2}.Release|x64.ActiveCfg = Debug|x64
		{31C749A7-D99D-422A-B361-4A8ED37B45A2}.Release|x64.Build.0 = Debug|x64
		{31C749A7-D99D-422A-B361-4A8ED37B45A2}.Release|x86.ActiveCfg = Debug|Win32
		{31C749A7-D99D-422A-B361-4A8ED37B45A2}.Release|x86.Build.0 = Debug|Win32
		{4CB7CC80-A792-80F6-40D9-D37B45A24A8E}.Debug|x64.ActiveCfg = Debug|x64
		{4CB7CC80-A792-80F6-40D9-D37B45A24A8E}.Debug|x64.Build.0 = Debug|x64
		{4CB7CC80-A792-80F6-40D9-D37B45A24A8E}.Debug|x86.ActiveCfg = Debug|Win32
		{4CB7CC80-A792-80F6-40D9-D37B45A24A8E}.Debug|x86.Build.0 = Debug|Win32
		{4CB7CC80-A792-80F6-40D9-D37B45A24A8E}.Release|x64.ActiveCfg = Debug|x64
		{4CB7CC80-A792-80F6-40D9-D37B45A24A8E}.Release|x86.ActiveCfg = Debug|Win32
		{D1C2A4FD-128D-48C1-972F-82C572EB2E49}.Debug|x64.ActiveCfg = Debug|x64
		{D1C2A4FD-128D-48C1-972F-82C572EB2E49}.Debug|x64.Build.0 = Debug|x64
		{D1C2A4FD-128D-48C1-972F-82C572EB2E49}.Debug|x86.ActiveCfg = Debug|Win32
		{D1C2A4FD-128D-48C1-972F-82C572EB2E49}.Debug|x86.Build.0 = Debug|Win32
		{D1C2A4FD-128D-48C1-972F-82C572EB2E49}.Release|x64.ActiveCfg = Debug|x64
		{D1C2A4FD-128D-48C1-972F-82C572EB2E49}.Release|x64.Build.0 = Debug|x64
		{D1C2A4FD-128D-48C1-972F-82C572EB2E49}.Release|x86.ActiveCfg = Debug|Win32
		{D1C2A4FD-128D-48C1-972F-82C572EB2E49}.Release|x86.Build.0 = Debug|Win32
		{5343844B-A07D-4EA9-A417-354E234C38E9}.Debug|x64.ActiveCfg = Debug|x64
		{5343844B-A07D-4EA9-A417-354E234C38E9}.Debug|x64.Build.0 = Debug|x64
		{5343844B-A07D-4EA9-A417-354E234C38E9}.Debug|x86.ActiveCfg = Debug|Win32
		{5343844B-A07D-4EA9-A417-354E234C38E9}.Debug|x86.Build.0 = Debug|Win32
		{5343844B-A07D-4EA9-A417-354E234C38E9}.Release|x64.ActiveCfg = Debug|x64
		{5343844B-A07D-4EA9-A417-354E234C38E9}.Release|x64.Build.0 = Debug|x64
		{5343844B-A07D-4EA9-A417-354E234C38E9}.Release|x86.ActiveCfg = Debug|Win32
		{5343844B-A07D-4EA9-A417-354E234C38E9}.Release|x86.Build.0 = Debug|Win32
	EndGlobalSection
	GlobalSection(SolutionProperties) = preSolution
		HideSolutionNode = FALSE
	EndGlobalSection
EndGlobal
