<?xml version="1.0" encoding="utf-8"?>
<Project ToolsVersion="4.0" xmlns="http://schemas.microsoft.com/developer/msbuild/2003">
  <ItemGroup>
    <ClCompile Include="..\src\vfs\device.c">
      <Filter>src\vfs</Filter>
    </ClCompile>
    <ClCompile Include="..\src\vfs\directory.c">
      <Filter>src\vfs</Filter>
    </ClCompile>
    <ClCompile Include="..\src\vfs\dirent.c">
      <Filter>src\vfs</Filter>
    </ClCompile>
    <ClCompile Include="..\src\vfs\inode.c">
      <Filter>src\vfs</Filter>
    </ClCompile>
    <ClCompile Include="..\src\vfs\mount.c">
      <Filter>src\vfs</Filter>
    </ClCompile>
    <ClCompile Include="..\src\vfs\parts.c">
      <Filter>src\vfs</Filter>
    </ClCompile>
    <ClCompile Include="..\src\core\debug.c">
      <Filter>src\core</Filter>
    </ClCompile>
    <ClCompile Include="core.c">
      <Filter>src</Filter>
    </ClCompile>
    <ClCompile Include="test_vfs.c">
      <Filter>src</Filter>
    </ClCompile>
  </ItemGroup>
  <ItemGroup>
    <Filter Include="src">
      <UniqueIdentifier>{5d0e3c62-6e21-40e6-9f43-e846aadb1e55}</UniqueIdentifier>
    </Filter>
    <Filter Include="src\vfs">
      <UniqueIdentifier>{ed4410ac-274f-4913-b0a8-d329dbf51f14}</UniqueIdentifier>
    </Filter>
    <Filter Include="src\core">
      <UniqueIdentifier>{51f03a6c-ab99-4d80-8159-026945b70a2c}</UniqueIdentifier>
    </Filter>
  </ItemGroup>
</Project>