<?xml version="1.0" encoding="utf-8"?>
<Project ToolsVersion="4.0" xmlns="http://schemas.microsoft.com/developer/msbuild/2003">
  <ItemGroup>
    <Filter Include="src">
      <UniqueIdentifier>{3cb81755-7ed2-4697-a7aa-f9c45052079f}</UniqueIdentifier>
    </Filter>
    <Filter Include="src\fatfs">
      <UniqueIdentifier>{91bd068c-a23b-41d1-a3de-82b200065c75}</UniqueIdentifier>
    </Filter>
    <Filter Include="src\extfs">
      <UniqueIdentifier>{cf6a25d2-532b-494a-b353-18156e81d6f6}</UniqueIdentifier>
    </Filter>
    <Filter Include="src\isofs">
      <UniqueIdentifier>{fb0e41dd-233f-4a00-89d2-78e438f1b03a}</UniqueIdentifier>
    </Filter>
    <Filter Include="include">
      <UniqueIdentifier>{331b544f-a51f-497e-92d0-a4643b2e19af}</UniqueIdentifier>
    </Filter>
    <Filter Include="include\kernel">
      <UniqueIdentifier>{cb28fb95-13d3-4011-890b-30f64f71ca05}</UniqueIdentifier>
    </Filter>
    <Filter Include="include\kora">
      <UniqueIdentifier>{15a7d7cf-1eb2-483d-ba6f-29b66c520325}</UniqueIdentifier>
    </Filter>
    <Filter Include="include\bits">
      <UniqueIdentifier>{a47670a1-0767-43a7-9b6f-454e35397f2f}</UniqueIdentifier>
    </Filter>
  </ItemGroup>
  <ItemGroup>
    <ClCompile Include="..\..\..\src\drivers\fs\fat\dentry.c">
      <Filter>src\fatfs</Filter>
    </ClCompile>
    <ClCompile Include="..\..\..\src\drivers\fs\fat\diterator.c">
      <Filter>src\fatfs</Filter>
    </ClCompile>
    <ClCompile Include="..\..\..\src\drivers\fs\fat\fatfs.c">
      <Filter>src\fatfs</Filter>
    </ClCompile>
    <ClCompile Include="..\..\..\src\drivers\fs\fat\format.c">
      <Filter>src\fatfs</Filter>
    </ClCompile>
    <ClCompile Include="..\..\..\src\drivers\fs\fat\module.c">
      <Filter>src\fatfs</Filter>
    </ClCompile>
    <ClCompile Include="..\..\..\src\drivers\fs\fat\table.c">
      <Filter>src\fatfs</Filter>
    </ClCompile>
    <ClCompile Include="..\..\..\src\drivers\fs\isofs\isofs.c">
      <Filter>src\isofs</Filter>
    </ClCompile>
    <ClCompile Include="..\..\..\src\libc\time.c">
      <Filter>src</Filter>
    </ClCompile>
  </ItemGroup>
  <ItemGroup>
    <ClInclude Include="..\..\..\src\drivers\fs\fat\fatfs.h">
      <Filter>src\fatfs</Filter>
    </ClInclude>
    <ClInclude Include="..\..\..\src\drivers\fs\isofs\isofs.h">
      <Filter>src\isofs</Filter>
    </ClInclude>
    <ClInclude Include="..\..\..\include\kernel\core.h">
      <Filter>include\kernel</Filter>
    </ClInclude>
    <ClInclude Include="..\..\..\include\kernel\device.h">
      <Filter>include\kernel</Filter>
    </ClInclude>
    <ClInclude Include="..\..\..\include\kernel\types.h">
      <Filter>include\kernel</Filter>
    </ClInclude>
    <ClInclude Include="..\..\..\include\kernel\vfs.h">
      <Filter>include\kernel</Filter>
    </ClInclude>
    <ClInclude Include="..\..\..\include\kernel\vma.h">
      <Filter>include\kernel</Filter>
    </ClInclude>
    <ClInclude Include="..\..\..\include\kora\bbtree.h">
      <Filter>include\kora</Filter>
    </ClInclude>
    <ClInclude Include="..\..\..\include\kora\hmap.h">
      <Filter>include\kora</Filter>
    </ClInclude>
    <ClInclude Include="..\..\..\include\kora\llist.h">
      <Filter>include\kora</Filter>
    </ClInclude>
    <ClInclude Include="..\..\..\include\kora\mcrs.h">
      <Filter>include\kora</Filter>
    </ClInclude>
    <ClInclude Include="..\..\..\include\kora\splock.h">
      <Filter>include\kora</Filter>
    </ClInclude>
    <ClInclude Include="..\..\..\include\kora\stddef.h">
      <Filter>include\kora</Filter>
    </ClInclude>
    <ClInclude Include="..\..\..\src\tests\_mcvs\include-x86\bits\atomic.h">
      <Filter>include\bits</Filter>
    </ClInclude>
    <ClInclude Include="..\..\..\src\tests\_mcvs\include-x86\bits\cdefs.h">
      <Filter>include\bits</Filter>
    </ClInclude>
  </ItemGroup>
</Project>