<?xml version="1.0" encoding="utf-8"?>
<Project ToolsVersion="4.0" xmlns="http://schemas.microsoft.com/developer/msbuild/2003">
  <ItemGroup>
    <Filter Include="vfs">
      <UniqueIdentifier>{9b123ee1-519b-4a22-bbc3-707d245e2b10}</UniqueIdentifier>
    </Filter>
    <Filter Include="basic">
      <UniqueIdentifier>{0dac0866-5143-4fe9-82dc-d214157d9126}</UniqueIdentifier>
    </Filter>
    <Filter Include="c89">
      <UniqueIdentifier>{b4c02020-429f-4732-a3ac-4e6d7e929d47}</UniqueIdentifier>
    </Filter>
    <Filter Include="mem">
      <UniqueIdentifier>{15f1cf87-7bba-44e4-9c29-a312db20ac5b}</UniqueIdentifier>
    </Filter>
    <Filter Include="task">
      <UniqueIdentifier>{31bdf952-51ef-40ee-84bc-9f57b943be7d}</UniqueIdentifier>
    </Filter>
    <Filter Include="core">
      <UniqueIdentifier>{bec7b032-f35b-476f-89b1-31c547d36b85}</UniqueIdentifier>
    </Filter>
    <Filter Include="files">
      <UniqueIdentifier>{4b62d813-3399-4558-8d2c-54d160f9f19c}</UniqueIdentifier>
    </Filter>
    <Filter Include="net">
      <UniqueIdentifier>{187ccb56-8d95-42ba-8e4a-914ee30dd003}</UniqueIdentifier>
    </Filter>
  </ItemGroup>
  <ItemGroup>
    <ClCompile Include="..\..\..\src\basic\bbtree.c">
      <Filter>basic</Filter>
    </ClCompile>
    <ClCompile Include="..\..\..\src\basic\hmap.c">
      <Filter>basic</Filter>
    </ClCompile>
    <ClCompile Include="..\..\..\src\basic\mbchar.c">
      <Filter>basic</Filter>
    </ClCompile>
    <ClCompile Include="..\..\..\src\basic\mbstr.c">
      <Filter>basic</Filter>
    </ClCompile>
    <ClCompile Include="..\..\..\src\c89\arena.c">
      <Filter>c89</Filter>
    </ClCompile>
    <ClCompile Include="..\..\..\src\c89\array.c">
      <Filter>c89</Filter>
    </ClCompile>
    <ClCompile Include="..\..\..\src\c89\error.c">
      <Filter>c89</Filter>
    </ClCompile>
    <ClCompile Include="..\..\..\src\c89\format_integer.c">
      <Filter>c89</Filter>
    </ClCompile>
    <ClCompile Include="..\..\..\src\c89\format_print.c">
      <Filter>c89</Filter>
    </ClCompile>
    <ClCompile Include="..\..\..\src\c89\format_scanf.c">
      <Filter>c89</Filter>
    </ClCompile>
    <ClCompile Include="..\..\..\src\c89\format_vfprintf.c">
      <Filter>c89</Filter>
    </ClCompile>
    <ClCompile Include="..\..\..\src\c89\format_vfscanf.c">
      <Filter>c89</Filter>
    </ClCompile>
    <ClCompile Include="..\..\..\src\c89\heap.c">
      <Filter>c89</Filter>
    </ClCompile>
    <ClCompile Include="..\..\..\src\c89\random.c">
      <Filter>c89</Filter>
    </ClCompile>
    <ClCompile Include="..\..\..\src\c89\string.c">
      <Filter>c89</Filter>
    </ClCompile>
    <ClCompile Include="..\..\..\src\c89\time.c">
      <Filter>c89</Filter>
    </ClCompile>
    <ClCompile Include="..\..\..\src\mem\memory.c">
      <Filter>mem</Filter>
    </ClCompile>
    <ClCompile Include="..\..\..\src\mem\mspace.c">
      <Filter>mem</Filter>
    </ClCompile>
    <ClCompile Include="..\..\..\src\mem\pages.c">
      <Filter>mem</Filter>
    </ClCompile>
    <ClCompile Include="..\..\..\src\mem\vma.c">
      <Filter>mem</Filter>
    </ClCompile>
    <ClCompile Include="..\..\..\src\task\async.c">
      <Filter>task</Filter>
    </ClCompile>
    <ClCompile Include="..\..\..\src\task\resx.c">
      <Filter>task</Filter>
    </ClCompile>
    <ClCompile Include="..\..\..\src\task\task.c">
      <Filter>task</Filter>
    </ClCompile>
    <ClCompile Include="..\..\..\src\task\ticks.c">
      <Filter>task</Filter>
    </ClCompile>
    <ClCompile Include="..\..\..\src\vfs\data.c">
      <Filter>vfs</Filter>
    </ClCompile>
    <ClCompile Include="..\..\..\src\vfs\device.c">
      <Filter>vfs</Filter>
    </ClCompile>
    <ClCompile Include="..\..\..\src\vfs\directory.c">
      <Filter>vfs</Filter>
    </ClCompile>
    <ClCompile Include="..\..\..\src\vfs\dirent.c">
      <Filter>vfs</Filter>
    </ClCompile>
    <ClCompile Include="..\..\..\src\vfs\inode.c">
      <Filter>vfs</Filter>
    </ClCompile>
    <ClCompile Include="..\..\..\src\vfs\mount.c">
      <Filter>vfs</Filter>
    </ClCompile>
    <ClCompile Include="..\..\..\src\vfs\parts.c">
      <Filter>vfs</Filter>
    </ClCompile>
    <ClCompile Include="..\..\..\src\core\bio.c">
      <Filter>core</Filter>
    </ClCompile>
    <ClCompile Include="..\..\..\src\core\debug.c">
      <Filter>core</Filter>
    </ClCompile>
    <ClCompile Include="..\..\..\src\core\dlib.c">
      <Filter>core</Filter>
    </ClCompile>
    <ClCompile Include="..\..\..\src\core\elf.c">
      <Filter>core</Filter>
    </ClCompile>
    <ClCompile Include="..\..\..\src\core\irq.c">
      <Filter>core</Filter>
    </ClCompile>
    <ClCompile Include="..\..\..\src\core\kmod.c">
      <Filter>core</Filter>
    </ClCompile>
    <ClCompile Include="..\..\..\src\core\launch.c">
      <Filter>core</Filter>
    </ClCompile>
    <ClCompile Include="..\..\..\src\core\syscalls.c">
      <Filter>core</Filter>
    </ClCompile>
    <ClCompile Include="..\..\..\src\core\task_clock.c">
      <Filter>core</Filter>
    </ClCompile>
    <ClCompile Include="..\..\..\src\core\task_exec.c">
      <Filter>core</Filter>
    </ClCompile>
    <ClCompile Include="..\..\..\src\core\task_wmgr.c">
      <Filter>core</Filter>
    </ClCompile>
    <ClCompile Include="..\..\..\src\tests\kernel.c" />
    <ClCompile Include="..\..\..\src\tests\_stub\stub_core.c" />
    <ClCompile Include="..\..\..\src\files\dev.c">
      <Filter>files</Filter>
    </ClCompile>
    <ClCompile Include="..\..\..\src\files\fonts.c">
      <Filter>files</Filter>
    </ClCompile>
    <ClCompile Include="..\..\..\src\files\gfx.c">
      <Filter>files</Filter>
    </ClCompile>
    <ClCompile Include="..\..\..\src\files\ino.c">
      <Filter>files</Filter>
    </ClCompile>
    <ClCompile Include="..\..\..\src\files\ioblk.c">
      <Filter>files</Filter>
    </ClCompile>
    <ClCompile Include="..\..\..\src\files\map.c">
      <Filter>files</Filter>
    </ClCompile>
    <ClCompile Include="..\..\..\src\files\pipe.c">
      <Filter>files</Filter>
    </ClCompile>
    <ClCompile Include="..\..\..\src\files\tty.c">
      <Filter>files</Filter>
    </ClCompile>
    <ClCompile Include="..\..\..\src\files\wmgr.c">
      <Filter>files</Filter>
    </ClCompile>
    <ClCompile Include="..\..\..\src\c11\mutex.c">
      <Filter>basic</Filter>
    </ClCompile>
    <ClCompile Include="..\..\..\src\tests\_stub\stub_mmu.c" />
    <ClCompile Include="..\..\..\src\tests\_mcvs\scheduler.c" />
    <ClCompile Include="..\..\..\src\tests\_stub\stub_cpu.c" />
    <ClCompile Include="..\..\..\src\core\sdk.c">
      <Filter>core</Filter>
    </ClCompile>
    <ClCompile Include="..\..\..\src\net\arp.c">
      <Filter>net</Filter>
    </ClCompile>
    <ClCompile Include="..\..\..\src\net\dhcp.c">
      <Filter>net</Filter>
    </ClCompile>
    <ClCompile Include="..\..\..\src\net\dns.c">
      <Filter>net</Filter>
    </ClCompile>
    <ClCompile Include="..\..\..\src\net\eth.c">
      <Filter>net</Filter>
    </ClCompile>
    <ClCompile Include="..\..\..\src\net\host.c">
      <Filter>net</Filter>
    </ClCompile>
    <ClCompile Include="..\..\..\src\net\icmp.c">
      <Filter>net</Filter>
    </ClCompile>
    <ClCompile Include="..\..\..\src\net\ip4.c">
      <Filter>net</Filter>
    </ClCompile>
    <ClCompile Include="..\..\..\src\net\net.c">
      <Filter>net</Filter>
    </ClCompile>
    <ClCompile Include="..\..\..\src\net\ntp.c">
      <Filter>net</Filter>
    </ClCompile>
    <ClCompile Include="..\..\..\src\net\tcp.c">
      <Filter>net</Filter>
    </ClCompile>
    <ClCompile Include="..\..\..\src\net\udp.c">
      <Filter>net</Filter>
    </ClCompile>
    <ClCompile Include="..\..\..\src\core\threads.c">
      <Filter>core</Filter>
    </ClCompile>
  </ItemGroup>
  <ItemGroup>
    <ClInclude Include="..\..\..\src\mem\mspace.h">
      <Filter>mem</Filter>
    </ClInclude>
    <ClInclude Include="..\..\..\src\vfs\vfs.h">
      <Filter>vfs</Filter>
    </ClInclude>
    <ClInclude Include="..\..\..\src\core\elf.h">
      <Filter>core</Filter>
    </ClInclude>
  </ItemGroup>
</Project>