<?xml version="1.0" encoding="utf-8"?>
<Project ToolsVersion="4.0" xmlns="http://schemas.microsoft.com/developer/msbuild/2003">
  <ItemGroup>
    <Filter Include="imgdk">
      <UniqueIdentifier>{66606b1e-1929-4179-959c-01a6f75a63e2}</UniqueIdentifier>
    </Filter>
    <Filter Include="lnet">
      <UniqueIdentifier>{393e3f73-2971-41ce-91cd-931b251d1704}</UniqueIdentifier>
    </Filter>
    <Filter Include="win32">
      <UniqueIdentifier>{5b825e17-eca4-465e-9f65-da1b2b1f7c33}</UniqueIdentifier>
    </Filter>
  </ItemGroup>
  <ItemGroup>
    <ClCompile Include="..\..\..\src\drivers\disk\imgdk\imgdk.c">
      <Filter>imgdk</Filter>
    </ClCompile>
    <ClCompile Include="..\..\..\src\drivers\misc\win32\win32.c">
      <Filter>win32</Filter>
    </ClCompile>
    <ClCompile Include="..\..\..\src\drivers\net\lnet\lnet.c">
      <Filter>lnet</Filter>
    </ClCompile>
  </ItemGroup>
  <ItemGroup>
    <ClInclude Include="..\..\..\src\drivers\net\lnet\lnet.h">
      <Filter>lnet</Filter>
    </ClInclude>
  </ItemGroup>
</Project>