<?xml version="1.0" encoding="utf-8"?>
<Project ToolsVersion="4.0" xmlns="http://schemas.microsoft.com/developer/msbuild/2003">
  <ItemGroup>
    <Filter Include="src">
      <UniqueIdentifier>{4FC737F1-C7A5-4376-A066-2A32D752A2FF}</UniqueIdentifier>
      <Extensions>cpp;c;cc;cxx;def;odl;idl;hpj;bat;asm;asmx</Extensions>
    </Filter>
    <Filter Include="src\basic">
      <UniqueIdentifier>{1ca802a4-73fc-4f0a-86ac-7d0c9256e1d1}</UniqueIdentifier>
    </Filter>
    <Filter Include="src\_mcvs">
      <UniqueIdentifier>{34358336-462f-4998-b5fd-ab6e89a5e8f1}</UniqueIdentifier>
    </Filter>
    <Filter Include="src\core">
      <UniqueIdentifier>{6d960c62-c6f5-43e0-90cf-f6fadc1fb6e4}</UniqueIdentifier>
    </Filter>
    <Filter Include="src\files">
      <UniqueIdentifier>{9bdb2740-ad42-499a-9c6c-32a86d02d171}</UniqueIdentifier>
    </Filter>
    <Filter Include="src\net">
      <UniqueIdentifier>{86aafa26-f593-440b-bf38-f8c17e28f868}</UniqueIdentifier>
    </Filter>
    <Filter Include="src\tests">
      <UniqueIdentifier>{f9a811c8-e353-4bf9-81ee-d6451ae779c8}</UniqueIdentifier>
    </Filter>
    <Filter Include="include">
      <UniqueIdentifier>{93995380-89BD-4b04-88EB-625FBE52EBFB}</UniqueIdentifier>
      <Extensions>h;hh;hpp;hxx;hm;inl;inc;ipp;xsd</Extensions>
    </Filter>
  </ItemGroup>
  <ItemGroup>
    <ClCompile Include="..\..\..\src\basic\bbtree.c">
      <Filter>src\basic</Filter>
    </ClCompile>
    <ClCompile Include="..\..\..\src\basic\hmap.c">
      <Filter>src\basic</Filter>
    </ClCompile>
    <ClCompile Include="..\..\..\src\basic\mbstr.c">
      <Filter>src\basic</Filter>
    </ClCompile>
    <ClCompile Include="..\..\..\src\tests\_mcvs\src\atomic.c">
      <Filter>src\_mcvs</Filter>
    </ClCompile>
    <ClCompile Include="..\..\..\src\tests\_mcvs\src\threads_mcvs.c">
      <Filter>src\_mcvs</Filter>
    </ClCompile>
    <ClCompile Include="..\..\..\src\tests\_mcvs\src\misc.c">
      <Filter>src\_mcvs</Filter>
    </ClCompile>
    <ClCompile Include="..\..\..\src\core\debug.c">
      <Filter>src\core</Filter>
    </ClCompile>
    <ClCompile Include="..\..\..\src\files\pipe.c">
      <Filter>src\files</Filter>
    </ClCompile>
    <ClCompile Include="..\..\..\src\net\local.c">
      <Filter>src\net</Filter>
    </ClCompile>
    <ClCompile Include="..\..\..\src\net\net.c">
      <Filter>src\net</Filter>
    </ClCompile>
    <ClCompile Include="..\..\..\src\net\socket.c">
      <Filter>src\net</Filter>
    </ClCompile>
    <ClCompile Include="..\..\..\src\tests\sched.c">
      <Filter>src\tests</Filter>
    </ClCompile>
    <ClCompile Include="..\..\..\src\tests\stub.c">
      <Filter>src\tests</Filter>
    </ClCompile>
    <ClCompile Include="..\..\..\src\tests\tst_net.c">
      <Filter>src\tests</Filter>
    </ClCompile>
  </ItemGroup>
  <ItemGroup>
    <ClInclude Include="..\..\..\include\kernel\core.h">
      <Filter>include</Filter>
    </ClInclude>
    <ClInclude Include="..\..\..\include\kernel\device.h">
      <Filter>include</Filter>
    </ClInclude>
    <ClInclude Include="..\..\..\include\kernel\dlib.h">
      <Filter>include</Filter>
    </ClInclude>
    <ClInclude Include="..\..\..\include\kernel\files.h">
      <Filter>include</Filter>
    </ClInclude>
    <ClInclude Include="..\..\..\include\kernel\futex.h">
      <Filter>include</Filter>
    </ClInclude>
    <ClInclude Include="..\..\..\include\kernel\input.h">
      <Filter>include</Filter>
    </ClInclude>
    <ClInclude Include="..\..\..\include\kernel\memory.h">
      <Filter>include</Filter>
    </ClInclude>
    <ClInclude Include="..\..\..\include\kernel\net.h">
      <Filter>include</Filter>
    </ClInclude>
    <ClInclude Include="..\..\..\include\kernel\scall.h">
      <Filter>include</Filter>
    </ClInclude>
    <ClInclude Include="..\..\..\include\kernel\sdk.h">
      <Filter>include</Filter>
    </ClInclude>
    <ClInclude Include="..\..\..\include\kernel\syscalls.h">
      <Filter>include</Filter>
    </ClInclude>
    <ClInclude Include="..\..\..\include\kernel\task.h">
      <Filter>include</Filter>
    </ClInclude>
    <ClInclude Include="..\..\..\include\kernel\types.h">
      <Filter>include</Filter>
    </ClInclude>
    <ClInclude Include="..\..\..\include\kernel\utils.h">
      <Filter>include</Filter>
    </ClInclude>
    <ClInclude Include="..\..\..\include\kernel\vfs.h">
      <Filter>include</Filter>
    </ClInclude>
    <ClInclude Include="..\..\..\include\kernel\vma.h">
      <Filter>include</Filter>
    </ClInclude>
  </ItemGroup>
</Project>