<?xml version="1.0" encoding="utf-8"?>
<Project ToolsVersion="4.0" xmlns="http://schemas.microsoft.com/developer/msbuild/2003">
  <ItemGroup>
    <Filter Include="src">
      <UniqueIdentifier>{881f34c9-cf4b-4f68-9f84-fc78b4a85814}</UniqueIdentifier>
    </Filter>
    <Filter Include="src\vfs">
      <UniqueIdentifier>{716f85ae-d514-4ab2-b072-1f8b81b3f479}</UniqueIdentifier>
    </Filter>
    <Filter Include="include">
      <UniqueIdentifier>{11600f2c-8275-4884-82f0-fea2b97d91fa}</UniqueIdentifier>
    </Filter>
    <Filter Include="include\kernel">
      <UniqueIdentifier>{ffd665c3-ab8d-4e4f-a1df-ac31825d8139}</UniqueIdentifier>
    </Filter>
    <Filter Include="include\kora">
      <UniqueIdentifier>{758306a4-3f4b-4ac0-952a-a1f9643a5b25}</UniqueIdentifier>
    </Filter>
    <Filter Include="src\core">
      <UniqueIdentifier>{6cb6a669-0765-45a0-abf6-841540034589}</UniqueIdentifier>
    </Filter>
    <Filter Include="src\libc">
      <UniqueIdentifier>{005d9cb7-04fa-4eb7-9099-a33f9520c4a5}</UniqueIdentifier>
    </Filter>
    <Filter Include="src\files">
      <UniqueIdentifier>{17ec00da-1adb-41c3-9f44-c84a23422c50}</UniqueIdentifier>
    </Filter>
    <Filter Include="src\task">
      <UniqueIdentifier>{158ec96f-97eb-4dd5-956e-e5ac2827c862}</UniqueIdentifier>
    </Filter>
    <Filter Include="src\tests">
      <UniqueIdentifier>{cfe52098-deef-49a9-9f0d-5c6e3ead042a}</UniqueIdentifier>
    </Filter>
  </ItemGroup>
  <ItemGroup>
    <ClCompile Include="..\..\..\src\vfs\device.c">
      <Filter>src\vfs</Filter>
    </ClCompile>
    <ClCompile Include="..\..\..\src\vfs\directory.c">
      <Filter>src\vfs</Filter>
    </ClCompile>
    <ClCompile Include="..\..\..\src\vfs\dirent.c">
      <Filter>src\vfs</Filter>
    </ClCompile>
    <ClCompile Include="..\..\..\src\vfs\inode.c">
      <Filter>src\vfs</Filter>
    </ClCompile>
    <ClCompile Include="..\..\..\src\vfs\mount.c">
      <Filter>src\vfs</Filter>
    </ClCompile>
    <ClCompile Include="..\..\..\src\vfs\parts.c">
      <Filter>src\vfs</Filter>
    </ClCompile>
    <ClCompile Include="..\..\..\src\core\bio.c">
      <Filter>src\core</Filter>
    </ClCompile>
    <ClCompile Include="..\..\..\src\libc\hmap.c">
      <Filter>src\libc</Filter>
    </ClCompile>
    <ClCompile Include="..\..\..\src\core\debug.c">
      <Filter>src\core</Filter>
    </ClCompile>
    <ClCompile Include="..\..\..\src\files\ioblk.c">
      <Filter>src\files</Filter>
    </ClCompile>
    <ClCompile Include="..\..\..\src\libc\bbtree.c">
      <Filter>src\libc</Filter>
    </ClCompile>
    <ClCompile Include="..\..\..\src\libc\random.c">
      <Filter>src\libc</Filter>
    </ClCompile>
    <ClCompile Include="..\..\..\src\libc\string.c">
      <Filter>src\libc</Filter>
    </ClCompile>
    <ClCompile Include="..\..\..\src\task\async.c">
      <Filter>src\task</Filter>
    </ClCompile>
    <ClCompile Include="..\..\..\src\tests\fs\_check.c">
      <Filter>src\tests</Filter>
    </ClCompile>
    <ClCompile Include="..\..\..\src\tests\fs\ck_fs.c">
      <Filter>src\tests</Filter>
    </ClCompile>
    <ClCompile Include="..\..\..\src\tests\_stub\stub_core.c">
      <Filter>src\core</Filter>
    </ClCompile>
    <ClCompile Include="..\..\..\src\tests\_stub\stub_task.c">
      <Filter>src\core</Filter>
    </ClCompile>
    <ClCompile Include="..\..\..\src\core\irq.c">
      <Filter>src\core</Filter>
    </ClCompile>
    <ClCompile Include="..\..\..\src\tests\_stub\stub_time.c">
      <Filter>src\core</Filter>
    </ClCompile>
    <ClCompile Include="..\..\..\src\tests\_stub\stub_mem.c">
      <Filter>src\core</Filter>
    </ClCompile>
  </ItemGroup>
  <ItemGroup>
    <ClInclude Include="..\..\..\src\vfs\vfs.h">
      <Filter>src\vfs</Filter>
    </ClInclude>
    <ClInclude Include="..\..\..\src\tests\check.h">
      <Filter>src\tests</Filter>
    </ClInclude>
  </ItemGroup>
</Project>