<?xml version="1.0" encoding="utf-8"?>
<Project ToolsVersion="4.0" xmlns="http://schemas.microsoft.com/developer/msbuild/2003">
  <ItemGroup>
    <Filter Include="vfs">
      <UniqueIdentifier>{70b48a6d-5740-462e-ab69-4d3e0401a14f}</UniqueIdentifier>
    </Filter>
  </ItemGroup>
  <ItemGroup>
    <ClCompile Include="..\..\..\src\vfs\data.c">
      <Filter>vfs</Filter>
    </ClCompile>
    <ClCompile Include="..\..\..\src\vfs\device.c">
      <Filter>vfs</Filter>
    </ClCompile>
    <ClCompile Include="..\..\..\src\vfs\directory.c">
      <Filter>vfs</Filter>
    </ClCompile>
    <ClCompile Include="..\..\..\src\vfs\dirent.c">
      <Filter>vfs</Filter>
    </ClCompile>
    <ClCompile Include="..\..\..\src\vfs\inode.c">
      <Filter>vfs</Filter>
    </ClCompile>
    <ClCompile Include="..\..\..\src\vfs\mount.c">
      <Filter>vfs</Filter>
    </ClCompile>
    <ClCompile Include="..\..\..\src\vfs\parts.c">
      <Filter>vfs</Filter>
    </ClCompile>
  </ItemGroup>
  <ItemGroup>
    <ClInclude Include="..\..\..\src\vfs\vfs.h">
      <Filter>vfs</Filter>
    </ClInclude>
  </ItemGroup>
</Project>