<?xml version="1.0" encoding="utf-8"?>
<Project ToolsVersion="4.0" xmlns="http://schemas.microsoft.com/developer/msbuild/2003">
  <ItemGroup>
    <Filter Include="include">
      <UniqueIdentifier>{93995380-89BD-4b04-88EB-625FBE52EBFB}</UniqueIdentifier>
      <Extensions>h;hh;hpp;hxx;hm;inl;inc;ipp;xsd</Extensions>
    </Filter>
    <Filter Include="src">
      <UniqueIdentifier>{4FC737F1-C7A5-4376-A066-2A32D752A2FF}</UniqueIdentifier>
      <Extensions>cpp;c;cc;cxx;def;odl;idl;hpj;bat;asm;asmx</Extensions>
    </Filter>
    <Filter Include="src\tests">
      <UniqueIdentifier>{99f43010-7365-4fbd-a593-116d8b8e074d}</UniqueIdentifier>
    </Filter>
    <Filter Include="src\basic">
      <UniqueIdentifier>{1fcfc7f5-cd50-483d-88a8-b442a70e8397}</UniqueIdentifier>
    </Filter>
    <Filter Include="src\_mcvs">
      <UniqueIdentifier>{ab3212b3-31fc-4509-bc4c-68bd3fbfae10}</UniqueIdentifier>
    </Filter>
    <Filter Include="src\core">
      <UniqueIdentifier>{4cb7f426-4e81-48fd-ad32-3d49635018a6}</UniqueIdentifier>
    </Filter>
  </ItemGroup>
  <ItemGroup>
    <ClCompile Include="..\..\..\src\tests\_mcvs\src\atomic.c">
      <Filter>src\_mcvs</Filter>
    </ClCompile>
    <ClCompile Include="..\..\..\src\tests\_mcvs\src\misc.c">
      <Filter>src\_mcvs</Filter>
    </ClCompile>
    <ClCompile Include="..\..\..\src\basic\bbtree.c">
      <Filter>src\basic</Filter>
    </ClCompile>
    <ClCompile Include="..\..\..\src\basic\hmap.c">
      <Filter>src\basic</Filter>
    </ClCompile>
    <ClCompile Include="..\..\..\src\basic\mbstr.c">
      <Filter>src\basic</Filter>
    </ClCompile>
    <ClCompile Include="..\..\..\src\tests\stub.c">
      <Filter>src\tests</Filter>
    </ClCompile>
    <ClCompile Include="..\..\..\src\tests\tst_elf.c">
      <Filter>src\tests</Filter>
    </ClCompile>
    <ClCompile Include="..\..\..\src\core\elf.c">
      <Filter>src\core</Filter>
    </ClCompile>
  </ItemGroup>
  <ItemGroup>
    <ClInclude Include="..\..\..\include\kernel\core.h">
      <Filter>include</Filter>
    </ClInclude>
    <ClInclude Include="..\..\..\include\kernel\device.h">
      <Filter>include</Filter>
    </ClInclude>
    <ClInclude Include="..\..\..\include\kernel\dlib.h">
      <Filter>include</Filter>
    </ClInclude>
    <ClInclude Include="..\..\..\include\kernel\files.h">
      <Filter>include</Filter>
    </ClInclude>
    <ClInclude Include="..\..\..\include\kernel\futex.h">
      <Filter>include</Filter>
    </ClInclude>
    <ClInclude Include="..\..\..\include\kernel\input.h">
      <Filter>include</Filter>
    </ClInclude>
    <ClInclude Include="..\..\..\include\kernel\memory.h">
      <Filter>include</Filter>
    </ClInclude>
    <ClInclude Include="..\..\..\include\kernel\net.h">
      <Filter>include</Filter>
    </ClInclude>
    <ClInclude Include="..\..\..\include\kernel\scall.h">
      <Filter>include</Filter>
    </ClInclude>
    <ClInclude Include="..\..\..\include\kernel\sdk.h">
      <Filter>include</Filter>
    </ClInclude>
    <ClInclude Include="..\..\..\include\kernel\syscalls.h">
      <Filter>include</Filter>
    </ClInclude>
    <ClInclude Include="..\..\..\include\kernel\task.h">
      <Filter>include</Filter>
    </ClInclude>
    <ClInclude Include="..\..\..\include\kernel\types.h">
      <Filter>include</Filter>
    </ClInclude>
    <ClInclude Include="..\..\..\include\kernel\utils.h">
      <Filter>include</Filter>
    </ClInclude>
    <ClInclude Include="..\..\..\include\kernel\vfs.h">
      <Filter>include</Filter>
    </ClInclude>
    <ClInclude Include="..\..\..\include\kernel\vma.h">
      <Filter>include</Filter>
    </ClInclude>
    <ClInclude Include="..\..\..\src\core\elf.h">
      <Filter>src\core</Filter>
    </ClInclude>
  </ItemGroup>
</Project>